
Microsoft Visual Studio Solution File, Format Version 12.00
# Visual Studio Version 16
VisualStudioVersion = 16.0.31729.503
MinimumVisualStudioVersion = 10.0.40219.1
Project("{2150E333-8FDC-42A3-9474-1A3956D46DE8}") = "Tests", "Tests", "{646798C9-EE54-4B97-AE50-B80DCC4EFDA9}"
EndProject
Project("{2150E333-8FDC-42A3-9474-1A3956D46DE8}") = "src", "src", "{EF284BF9-09E4-4917-830E-264BB653C228}"
EndProject
Project("{9A19103F-16F7-4668-BE54-9A1E7A4F7556}") = "MyCocktail.ConsoleApp", "MyCocktail.ConsoleApp\MyCocktail.ConsoleApp.csproj", "{85E1086E-6868-4653-BDBD-A51118EA8AC1}"
EndProject
Project("{9A19103F-16F7-4668-BE54-9A1E7A4F7556}") = "MyCocktail.Domain", "MyCocktail.Domain\MyCocktail.Domain.csproj", "{2D8F3BDF-970E-4996-B9B5-187743061561}"
EndProject
Project("{9A19103F-16F7-4668-BE54-9A1E7A4F7556}") = "MyCocktail.Infrastucture", "MyCocktail.Infrastucture\MyCocktail.Infrastucture.csproj", "{38C8D4BE-AC15-477B-A1CD-D4650066FBB8}"
EndProject
Project("{FAE04EC0-301F-11D3-BF4B-00C04F79EFBC}") = "MyCocktail.Api", "MyCocktail.Api\MyCocktail.Api.csproj", "{7DEA2BF7-A1C6-4AAC-88AF-27043C19B6F1}"
EndProject
Global
	GlobalSection(SolutionConfigurationPlatforms) = preSolution
		Debug|Any CPU = Debug|Any CPU
		Release|Any CPU = Release|Any CPU
	EndGlobalSection
	GlobalSection(ProjectConfigurationPlatforms) = postSolution
		{85E1086E-6868-4653-BDBD-A51118EA8AC1}.Debug|Any CPU.ActiveCfg = Debug|Any CPU
		{85E1086E-6868-4653-BDBD-A51118EA8AC1}.Debug|Any CPU.Build.0 = Debug|Any CPU
		{85E1086E-6868-4653-BDBD-A51118EA8AC1}.Release|Any CPU.ActiveCfg = Release|Any CPU
		{85E1086E-6868-4653-BDBD-A51118EA8AC1}.Release|Any CPU.Build.0 = Release|Any CPU
		{2D8F3BDF-970E-4996-B9B5-187743061561}.Debug|Any CPU.ActiveCfg = Debug|Any CPU
		{2D8F3BDF-970E-4996-B9B5-187743061561}.Debug|Any CPU.Build.0 = Debug|Any CPU
		{2D8F3BDF-970E-4996-B9B5-187743061561}.Release|Any CPU.ActiveCfg = Release|Any CPU
		{2D8F3BDF-970E-4996-B9B5-187743061561}.Release|Any CPU.Build.0 = Release|Any CPU
		{38C8D4BE-AC15-477B-A1CD-D4650066FBB8}.Debug|Any CPU.ActiveCfg = Debug|Any CPU
		{38C8D4BE-AC15-477B-A1CD-D4650066FBB8}.Debug|Any CPU.Build.0 = Debug|Any CPU
		{38C8D4BE-AC15-477B-A1CD-D4650066FBB8}.Release|Any CPU.ActiveCfg = Release|Any CPU
		{38C8D4BE-AC15-477B-A1CD-D4650066FBB8}.Release|Any CPU.Build.0 = Release|Any CPU
		{7DEA2BF7-A1C6-4AAC-88AF-27043C19B6F1}.Debug|Any CPU.ActiveCfg = Debug|Any CPU
		{7DEA2BF7-A1C6-4AAC-88AF-27043C19B6F1}.Debug|Any CPU.Build.0 = Debug|Any CPU
		{7DEA2BF7-A1C6-4AAC-88AF-27043C19B6F1}.Release|Any CPU.ActiveCfg = Release|Any CPU
		{7DEA2BF7-A1C6-4AAC-88AF-27043C19B6F1}.Release|Any CPU.Build.0 = Release|Any CPU
	EndGlobalSection
	GlobalSection(SolutionProperties) = preSolution
		HideSolutionNode = FALSE
	EndGlobalSection
	GlobalSection(NestedProjects) = preSolution
		{85E1086E-6868-4653-BDBD-A51118EA8AC1} = {EF284BF9-09E4-4917-830E-264BB653C228}
		{2D8F3BDF-970E-4996-B9B5-187743061561} = {EF284BF9-09E4-4917-830E-264BB653C228}
		{38C8D4BE-AC15-477B-A1CD-D4650066FBB8} = {EF284BF9-09E4-4917-830E-264BB653C228}
		{7DEA2BF7-A1C6-4AAC-88AF-27043C19B6F1} = {EF284BF9-09E4-4917-830E-264BB653C228}
	EndGlobalSection
	GlobalSection(ExtensibilityGlobals) = postSolution
		SolutionGuid = {CB56B7EA-EACE-4832-B07F-79208085C138}
	EndGlobalSection
EndGlobal
